
Microsoft Visual Studio Solution File, Format Version 12.00
# Visual Studio Version 17
VisualStudioVersion = 17.8.34322.80
MinimumVisualStudioVersion = 10.0.40219.1
Project("{9A19103F-16F7-4668-BE54-9A1E7A4F7556}") = "FlightReservation.MVC", "FlightReservation.MVC\FlightReservation.MVC.csproj", "{CC9B8695-F0FD-4518-95C6-96B9CD27FD75}"
EndProject
Project("{2150E333-8FDC-42A3-9474-1A3956D46DE8}") = "Solution Items", "Solution Items", "{175ADB9C-25D3-42AC-A388-912B1EA6BDAB}"
	ProjectSection(SolutionItems) = preProject
		.editorconfig = .editorconfig
	EndProjectSection
EndProject
Global
	GlobalSection(SolutionConfigurationPlatforms) = preSolution
		Debug|Any CPU = Debug|Any CPU
		Release|Any CPU = Release|Any CPU
	EndGlobalSection
	GlobalSection(ProjectConfigurationPlatforms) = postSolution
		{CC9B8695-F0FD-4518-95C6-96B9CD27FD75}.Debug|Any CPU.ActiveCfg = Debug|Any CPU
		{CC9B8695-F0FD-4518-95C6-96B9CD27FD75}.Debug|Any CPU.Build.0 = Debug|Any CPU
		{CC9B8695-F0FD-4518-95C6-96B9CD27FD75}.Release|Any CPU.ActiveCfg = Release|Any CPU
		{CC9B8695-F0FD-4518-95C6-96B9CD27FD75}.Release|Any CPU.Build.0 = Release|Any CPU
	EndGlobalSection
	GlobalSection(SolutionProperties) = preSolution
		HideSolutionNode = FALSE
	EndGlobalSection
	GlobalSection(ExtensibilityGlobals) = postSolution
		SolutionGuid = {D6850BE0-80F3-4A47-A204-8A30B9459B41}
	EndGlobalSection
EndGlobal
